// !$*UTF8*$!
{
	archiveVersion = 1;
	classes = {
	};
	objectVersion = 56;
	objects = {

/* Begin PBXBuildFile section */
		788902972B019D6D00767847 /* RickAndMortyAppApp.swift in Sources */ = {isa = PBXBuildFile; fileRef = 788902962B019D6D00767847 /* RickAndMortyAppApp.swift */; };
		788902992B019D6D00767847 /* ContentView.swift in Sources */ = {isa = PBXBuildFile; fileRef = 788902982B019D6D00767847 /* ContentView.swift */; };
		7889029B2B019D6D00767847 /* Item.swift in Sources */ = {isa = PBXBuildFile; fileRef = 7889029A2B019D6D00767847 /* Item.swift */; };
		7889029D2B019D7000767847 /* Assets.xcassets in Resources */ = {isa = PBXBuildFile; fileRef = 7889029C2B019D7000767847 /* Assets.xcassets */; };
		788902A02B019D7000767847 /* Preview Assets.xcassets in Resources */ = {isa = PBXBuildFile; fileRef = 7889029F2B019D7000767847 /* Preview Assets.xcassets */; };
		788902AA2B019D7000767847 /* RickAndMortyAppTests.swift in Sources */ = {isa = PBXBuildFile; fileRef = 788902A92B019D7000767847 /* RickAndMortyAppTests.swift */; };
		788902B42B019D7000767847 /* RickAndMortyAppUITests.swift in Sources */ = {isa = PBXBuildFile; fileRef = 788902B32B019D7000767847 /* RickAndMortyAppUITests.swift */; };
		788902B62B019D7000767847 /* RickAndMortyAppUITestsLaunchTests.swift in Sources */ = {isa = PBXBuildFile; fileRef = 788902B52B019D7000767847 /* RickAndMortyAppUITestsLaunchTests.swift */; };
		788902C82B019DB400767847 /* HomeView.swift in Sources */ = {isa = PBXBuildFile; fileRef = 788902C72B019DB400767847 /* HomeView.swift */; };
		788902CB2B019DDA00767847 /* HomeViewModel.swift in Sources */ = {isa = PBXBuildFile; fileRef = 788902CA2B019DDA00767847 /* HomeViewModel.swift */; };
		788902CD2B019E0000767847 /* NetworkService.swift in Sources */ = {isa = PBXBuildFile; fileRef = 788902CC2B019E0000767847 /* NetworkService.swift */; };
		788902CF2B02696800767847 /* CharacterCardView.swift in Sources */ = {isa = PBXBuildFile; fileRef = 788902CE2B02696800767847 /* CharacterCardView.swift */; };
		788902D12B028DE500767847 /* CustomImageView.swift in Sources */ = {isa = PBXBuildFile; fileRef = 788902D02B028DE500767847 /* CustomImageView.swift */; };
		788902D32B028E3300767847 /* RickAndMortyCharacterResponse.swift in Sources */ = {isa = PBXBuildFile; fileRef = 788902D22B028E3300767847 /* RickAndMortyCharacterResponse.swift */; };
		788902D52B0327AE00767847 /* PageView.swift in Sources */ = {isa = PBXBuildFile; fileRef = 788902D42B0327AE00767847 /* PageView.swift */; };
/* End PBXBuildFile section */

/* Begin PBXContainerItemProxy section */
		788902A62B019D7000767847 /* PBXContainerItemProxy */ = {
			isa = PBXContainerItemProxy;
			containerPortal = 7889028B2B019D6D00767847 /* Project object */;
			proxyType = 1;
			remoteGlobalIDString = 788902922B019D6D00767847;
			remoteInfo = RickAndMortyApp;
		};
		788902B02B019D7000767847 /* PBXContainerItemProxy */ = {
			isa = PBXContainerItemProxy;
			containerPortal = 7889028B2B019D6D00767847 /* Project object */;
			proxyType = 1;
			remoteGlobalIDString = 788902922B019D6D00767847;
			remoteInfo = RickAndMortyApp;
		};
/* End PBXContainerItemProxy section */

/* Begin PBXFileReference section */
		788902932B019D6D00767847 /* RickAndMortyApp.app */ = {isa = PBXFileReference; explicitFileType = wrapper.application; includeInIndex = 0; path = RickAndMortyApp.app; sourceTree = BUILT_PRODUCTS_DIR; };
		788902962B019D6D00767847 /* RickAndMortyAppApp.swift */ = {isa = PBXFileReference; lastKnownFileType = sourcecode.swift; path = RickAndMortyAppApp.swift; sourceTree = "<group>"; };
		788902982B019D6D00767847 /* ContentView.swift */ = {isa = PBXFileReference; lastKnownFileType = sourcecode.swift; path = ContentView.swift; sourceTree = "<group>"; };
		7889029A2B019D6D00767847 /* Item.swift */ = {isa = PBXFileReference; lastKnownFileType = sourcecode.swift; path = Item.swift; sourceTree = "<group>"; };
		7889029C2B019D7000767847 /* Assets.xcassets */ = {isa = PBXFileReference; lastKnownFileType = folder.assetcatalog; path = Assets.xcassets; sourceTree = "<group>"; };
		7889029F2B019D7000767847 /* Preview Assets.xcassets */ = {isa = PBXFileReference; lastKnownFileType = folder.assetcatalog; path = "Preview Assets.xcassets"; sourceTree = "<group>"; };
		788902A52B019D7000767847 /* RickAndMortyAppTests.xctest */ = {isa = PBXFileReference; explicitFileType = wrapper.cfbundle; includeInIndex = 0; path = RickAndMortyAppTests.xctest; sourceTree = BUILT_PRODUCTS_DIR; };
		788902A92B019D7000767847 /* RickAndMortyAppTests.swift */ = {isa = PBXFileReference; lastKnownFileType = sourcecode.swift; path = RickAndMortyAppTests.swift; sourceTree = "<group>"; };
		788902AF2B019D7000767847 /* RickAndMortyAppUITests.xctest */ = {isa = PBXFileReference; explicitFileType = wrapper.cfbundle; includeInIndex = 0; path = RickAndMortyAppUITests.xctest; sourceTree = BUILT_PRODUCTS_DIR; };
		788902B32B019D7000767847 /* RickAndMortyAppUITests.swift */ = {isa = PBXFileReference; lastKnownFileType = sourcecode.swift; path = RickAndMortyAppUITests.swift; sourceTree = "<group>"; };
		788902B52B019D7000767847 /* RickAndMortyAppUITestsLaunchTests.swift */ = {isa = PBXFileReference; lastKnownFileType = sourcecode.swift; path = RickAndMortyAppUITestsLaunchTests.swift; sourceTree = "<group>"; };
		788902C72B019DB400767847 /* HomeView.swift */ = {isa = PBXFileReference; lastKnownFileType = sourcecode.swift; path = HomeView.swift; sourceTree = "<group>"; };
		788902CA2B019DDA00767847 /* HomeViewModel.swift */ = {isa = PBXFileReference; lastKnownFileType = sourcecode.swift; path = HomeViewModel.swift; sourceTree = "<group>"; };
		788902CC2B019E0000767847 /* NetworkService.swift */ = {isa = PBXFileReference; lastKnownFileType = sourcecode.swift; path = NetworkService.swift; sourceTree = "<group>"; };
		788902CE2B02696800767847 /* CharacterCardView.swift */ = {isa = PBXFileReference; lastKnownFileType = sourcecode.swift; path = CharacterCardView.swift; sourceTree = "<group>"; };
		788902D02B028DE500767847 /* CustomImageView.swift */ = {isa = PBXFileReference; lastKnownFileType = sourcecode.swift; path = CustomImageView.swift; sourceTree = "<group>"; };
		788902D22B028E3300767847 /* RickAndMortyCharacterResponse.swift */ = {isa = PBXFileReference; lastKnownFileType = sourcecode.swift; path = RickAndMortyCharacterResponse.swift; sourceTree = "<group>"; };
		788902D42B0327AE00767847 /* PageView.swift */ = {isa = PBXFileReference; lastKnownFileType = sourcecode.swift; path = PageView.swift; sourceTree = "<group>"; };
/* End PBXFileReference section */

/* Begin PBXFrameworksBuildPhase section */
		788902902B019D6D00767847 /* Frameworks */ = {
			isa = PBXFrameworksBuildPhase;
			buildActionMask = 2147483647;
			files = (
			);
			runOnlyForDeploymentPostprocessing = 0;
		};
		788902A22B019D7000767847 /* Frameworks */ = {
			isa = PBXFrameworksBuildPhase;
			buildActionMask = 2147483647;
			files = (
			);
			runOnlyForDeploymentPostprocessing = 0;
		};
		788902AC2B019D7000767847 /* Frameworks */ = {
			isa = PBXFrameworksBuildPhase;
			buildActionMask = 2147483647;
			files = (
			);
			runOnlyForDeploymentPostprocessing = 0;
		};
/* End PBXFrameworksBuildPhase section */

/* Begin PBXGroup section */
		7889028A2B019D6D00767847 = {
			isa = PBXGroup;
			children = (
				788902952B019D6D00767847 /* RickAndMortyApp */,
				788902A82B019D7000767847 /* RickAndMortyAppTests */,
				788902B22B019D7000767847 /* RickAndMortyAppUITests */,
				788902942B019D6D00767847 /* Products */,
			);
			sourceTree = "<group>";
		};
		788902942B019D6D00767847 /* Products */ = {
			isa = PBXGroup;
			children = (
				788902932B019D6D00767847 /* RickAndMortyApp.app */,
				788902A52B019D7000767847 /* RickAndMortyAppTests.xctest */,
				788902AF2B019D7000767847 /* RickAndMortyAppUITests.xctest */,
			);
			name = Products;
			sourceTree = "<group>";
		};
		788902952B019D6D00767847 /* RickAndMortyApp */ = {
			isa = PBXGroup;
			children = (
				788902C62B019D9D00767847 /* Stuff that came by default */,
				788902C52B019D9200767847 /* Service */,
				788902C42B019D8300767847 /* ViewModel */,
				788902C32B019D8200767847 /* View */,
				788902C22B019D7900767847 /* Model */,
				788902962B019D6D00767847 /* RickAndMortyAppApp.swift */,
				7889029C2B019D7000767847 /* Assets.xcassets */,
				7889029E2B019D7000767847 /* Preview Content */,
			);
			path = RickAndMortyApp;
			sourceTree = "<group>";
		};
		7889029E2B019D7000767847 /* Preview Content */ = {
			isa = PBXGroup;
			children = (
				7889029F2B019D7000767847 /* Preview Assets.xcassets */,
			);
			path = "Preview Content";
			sourceTree = "<group>";
		};
		788902A82B019D7000767847 /* RickAndMortyAppTests */ = {
			isa = PBXGroup;
			children = (
				788902A92B019D7000767847 /* RickAndMortyAppTests.swift */,
			);
			path = RickAndMortyAppTests;
			sourceTree = "<group>";
		};
		788902B22B019D7000767847 /* RickAndMortyAppUITests */ = {
			isa = PBXGroup;
			children = (
				788902B32B019D7000767847 /* RickAndMortyAppUITests.swift */,
				788902B52B019D7000767847 /* RickAndMortyAppUITestsLaunchTests.swift */,
			);
			path = RickAndMortyAppUITests;
			sourceTree = "<group>";
		};
		788902C22B019D7900767847 /* Model */ = {
			isa = PBXGroup;
			children = (
				788902D22B028E3300767847 /* RickAndMortyCharacterResponse.swift */,
			);
			path = Model;
			sourceTree = "<group>";
		};
		788902C32B019D8200767847 /* View */ = {
			isa = PBXGroup;
			children = (
				788902C72B019DB400767847 /* HomeView.swift */,
				788902CE2B02696800767847 /* CharacterCardView.swift */,
				788902D02B028DE500767847 /* CustomImageView.swift */,
				788902D42B0327AE00767847 /* PageView.swift */,
			);
			path = View;
			sourceTree = "<group>";
		};
		788902C42B019D8300767847 /* ViewModel */ = {
			isa = PBXGroup;
			children = (
				788902CA2B019DDA00767847 /* HomeViewModel.swift */,
			);
			path = ViewModel;
			sourceTree = "<group>";
		};
		788902C52B019D9200767847 /* Service */ = {
			isa = PBXGroup;
			children = (
				788902CC2B019E0000767847 /* NetworkService.swift */,
			);
			path = Service;
			sourceTree = "<group>";
		};
		788902C62B019D9D00767847 /* Stuff that came by default */ = {
			isa = PBXGroup;
			children = (
				788902982B019D6D00767847 /* ContentView.swift */,
				7889029A2B019D6D00767847 /* Item.swift */,
			);
			path = "Stuff that came by default";
			sourceTree = "<group>";
		};
/* End PBXGroup section */

/* Begin PBXNativeTarget section */
		788902922B019D6D00767847 /* RickAndMortyApp */ = {
			isa = PBXNativeTarget;
			buildConfigurationList = 788902B92B019D7000767847 /* Build configuration list for PBXNativeTarget "RickAndMortyApp" */;
			buildPhases = (
				7889028F2B019D6D00767847 /* Sources */,
				788902902B019D6D00767847 /* Frameworks */,
				788902912B019D6D00767847 /* Resources */,
			);
			buildRules = (
			);
			dependencies = (
			);
			name = RickAndMortyApp;
			productName = RickAndMortyApp;
			productReference = 788902932B019D6D00767847 /* RickAndMortyApp.app */;
			productType = "com.apple.product-type.application";
		};
		788902A42B019D7000767847 /* RickAndMortyAppTests */ = {
			isa = PBXNativeTarget;
			buildConfigurationList = 788902BC2B019D7000767847 /* Build configuration list for PBXNativeTarget "RickAndMortyAppTests" */;
			buildPhases = (
				788902A12B019D7000767847 /* Sources */,
				788902A22B019D7000767847 /* Frameworks */,
				788902A32B019D7000767847 /* Resources */,
			);
			buildRules = (
			);
			dependencies = (
				788902A72B019D7000767847 /* PBXTargetDependency */,
			);
			name = RickAndMortyAppTests;
			productName = RickAndMortyAppTests;
			productReference = 788902A52B019D7000767847 /* RickAndMortyAppTests.xctest */;
			productType = "com.apple.product-type.bundle.unit-test";
		};
		788902AE2B019D7000767847 /* RickAndMortyAppUITests */ = {
			isa = PBXNativeTarget;
			buildConfigurationList = 788902BF2B019D7000767847 /* Build configuration list for PBXNativeTarget "RickAndMortyAppUITests" */;
			buildPhases = (
				788902AB2B019D7000767847 /* Sources */,
				788902AC2B019D7000767847 /* Frameworks */,
				788902AD2B019D7000767847 /* Resources */,
			);
			buildRules = (
			);
			dependencies = (
				788902B12B019D7000767847 /* PBXTargetDependency */,
			);
			name = RickAndMortyAppUITests;
			productName = RickAndMortyAppUITests;
			productReference = 788902AF2B019D7000767847 /* RickAndMortyAppUITests.xctest */;
			productType = "com.apple.product-type.bundle.ui-testing";
		};
/* End PBXNativeTarget section */

/* Begin PBXProject section */
		7889028B2B019D6D00767847 /* Project object */ = {
			isa = PBXProject;
			attributes = {
				BuildIndependentTargetsInParallel = 1;
				LastSwiftUpdateCheck = 1500;
				LastUpgradeCheck = 1500;
				TargetAttributes = {
					788902922B019D6D00767847 = {
						CreatedOnToolsVersion = 15.0.1;
					};
					788902A42B019D7000767847 = {
						CreatedOnToolsVersion = 15.0.1;
						TestTargetID = 788902922B019D6D00767847;
					};
					788902AE2B019D7000767847 = {
						CreatedOnToolsVersion = 15.0.1;
						TestTargetID = 788902922B019D6D00767847;
					};
				};
			};
			buildConfigurationList = 7889028E2B019D6D00767847 /* Build configuration list for PBXProject "RickAndMortyApp" */;
			compatibilityVersion = "Xcode 14.0";
			developmentRegion = en;
			hasScannedForEncodings = 0;
			knownRegions = (
				en,
				Base,
			);
			mainGroup = 7889028A2B019D6D00767847;
			productRefGroup = 788902942B019D6D00767847 /* Products */;
			projectDirPath = "";
			projectRoot = "";
			targets = (
				788902922B019D6D00767847 /* RickAndMortyApp */,
				788902A42B019D7000767847 /* RickAndMortyAppTests */,
				788902AE2B019D7000767847 /* RickAndMortyAppUITests */,
			);
		};
/* End PBXProject section */

/* Begin PBXResourcesBuildPhase section */
		788902912B019D6D00767847 /* Resources */ = {
			isa = PBXResourcesBuildPhase;
			buildActionMask = 2147483647;
			files = (
				788902A02B019D7000767847 /* Preview Assets.xcassets in Resources */,
				7889029D2B019D7000767847 /* Assets.xcassets in Resources */,
			);
			runOnlyForDeploymentPostprocessing = 0;
		};
		788902A32B019D7000767847 /* Resources */ = {
			isa = PBXResourcesBuildPhase;
			buildActionMask = 2147483647;
			files = (
			);
			runOnlyForDeploymentPostprocessing = 0;
		};
		788902AD2B019D7000767847 /* Resources */ = {
			isa = PBXResourcesBuildPhase;
			buildActionMask = 2147483647;
			files = (
			);
			runOnlyForDeploymentPostprocessing = 0;
		};
/* End PBXResourcesBuildPhase section */

/* Begin PBXSourcesBuildPhase section */
		7889028F2B019D6D00767847 /* Sources */ = {
			isa = PBXSourcesBuildPhase;
			buildActionMask = 2147483647;
			files = (
				788902992B019D6D00767847 /* ContentView.swift in Sources */,
				788902D12B028DE500767847 /* CustomImageView.swift in Sources */,
				788902C82B019DB400767847 /* HomeView.swift in Sources */,
				7889029B2B019D6D00767847 /* Item.swift in Sources */,
				788902CF2B02696800767847 /* CharacterCardView.swift in Sources */,
				788902D52B0327AE00767847 /* PageView.swift in Sources */,
				788902CB2B019DDA00767847 /* HomeViewModel.swift in Sources */,
				788902CD2B019E0000767847 /* NetworkService.swift in Sources */,
				788902D32B028E3300767847 /* RickAndMortyCharacterResponse.swift in Sources */,
				788902972B019D6D00767847 /* RickAndMortyAppApp.swift in Sources */,
			);
			runOnlyForDeploymentPostprocessing = 0;
		};
		788902A12B019D7000767847 /* Sources */ = {
			isa = PBXSourcesBuildPhase;
			buildActionMask = 2147483647;
			files = (
				788902AA2B019D7000767847 /* RickAndMortyAppTests.swift in Sources */,
			);
			runOnlyForDeploymentPostprocessing = 0;
		};
		788902AB2B019D7000767847 /* Sources */ = {
			isa = PBXSourcesBuildPhase;
			buildActionMask = 2147483647;
			files = (
				788902B42B019D7000767847 /* RickAndMortyAppUITests.swift in Sources */,
				788902B62B019D7000767847 /* RickAndMortyAppUITestsLaunchTests.swift in Sources */,
			);
			runOnlyForDeploymentPostprocessing = 0;
		};
/* End PBXSourcesBuildPhase section */

/* Begin PBXTargetDependency section */
		788902A72B019D7000767847 /* PBXTargetDependency */ = {
			isa = PBXTargetDependency;
			target = 788902922B019D6D00767847 /* RickAndMortyApp */;
			targetProxy = 788902A62B019D7000767847 /* PBXContainerItemProxy */;
		};
		788902B12B019D7000767847 /* PBXTargetDependency */ = {
			isa = PBXTargetDependency;
			target = 788902922B019D6D00767847 /* RickAndMortyApp */;
			targetProxy = 788902B02B019D7000767847 /* PBXContainerItemProxy */;
		};
/* End PBXTargetDependency section */

/* Begin XCBuildConfiguration section */
		788902B72B019D7000767847 /* Debug */ = {
			isa = XCBuildConfiguration;
			buildSettings = {
				ALWAYS_SEARCH_USER_PATHS = NO;
				ASSETCATALOG_COMPILER_GENERATE_SWIFT_ASSET_SYMBOL_EXTENSIONS = YES;
				CLANG_ANALYZER_NONNULL = YES;
				CLANG_ANALYZER_NUMBER_OBJECT_CONVERSION = YES_AGGRESSIVE;
				CLANG_CXX_LANGUAGE_STANDARD = "gnu++20";
				CLANG_ENABLE_MODULES = YES;
				CLANG_ENABLE_OBJC_ARC = YES;
				CLANG_ENABLE_OBJC_WEAK = YES;
				CLANG_WARN_BLOCK_CAPTURE_AUTORELEASING = YES;
				CLANG_WARN_BOOL_CONVERSION = YES;
				CLANG_WARN_COMMA = YES;
				CLANG_WARN_CONSTANT_CONVERSION = YES;
				CLANG_WARN_DEPRECATED_OBJC_IMPLEMENTATIONS = YES;
				CLANG_WARN_DIRECT_OBJC_ISA_USAGE = YES_ERROR;
				CLANG_WARN_DOCUMENTATION_COMMENTS = YES;
				CLANG_WARN_EMPTY_BODY = YES;
				CLANG_WARN_ENUM_CONVERSION = YES;
				CLANG_WARN_INFINITE_RECURSION = YES;
				CLANG_WARN_INT_CONVERSION = YES;
				CLANG_WARN_NON_LITERAL_NULL_CONVERSION = YES;
				CLANG_WARN_OBJC_IMPLICIT_RETAIN_SELF = YES;
				CLANG_WARN_OBJC_LITERAL_CONVERSION = YES;
				CLANG_WARN_OBJC_ROOT_CLASS = YES_ERROR;
				CLANG_WARN_QUOTED_INCLUDE_IN_FRAMEWORK_HEADER = YES;
				CLANG_WARN_RANGE_LOOP_ANALYSIS = YES;
				CLANG_WARN_STRICT_PROTOTYPES = YES;
				CLANG_WARN_SUSPICIOUS_MOVE = YES;
				CLANG_WARN_UNGUARDED_AVAILABILITY = YES_AGGRESSIVE;
				CLANG_WARN_UNREACHABLE_CODE = YES;
				CLANG_WARN__DUPLICATE_METHOD_MATCH = YES;
				COPY_PHASE_STRIP = NO;
				DEBUG_INFORMATION_FORMAT = dwarf;
				ENABLE_STRICT_OBJC_MSGSEND = YES;
				ENABLE_TESTABILITY = YES;
				ENABLE_USER_SCRIPT_SANDBOXING = YES;
				GCC_C_LANGUAGE_STANDARD = gnu17;
				GCC_DYNAMIC_NO_PIC = NO;
				GCC_NO_COMMON_BLOCKS = YES;
				GCC_OPTIMIZATION_LEVEL = 0;
				GCC_PREPROCESSOR_DEFINITIONS = (
					"DEBUG=1",
					"$(inherited)",
				);
				GCC_WARN_64_TO_32_BIT_CONVERSION = YES;
				GCC_WARN_ABOUT_RETURN_TYPE = YES_ERROR;
				GCC_WARN_UNDECLARED_SELECTOR = YES;
				GCC_WARN_UNINITIALIZED_AUTOS = YES_AGGRESSIVE;
				GCC_WARN_UNUSED_FUNCTION = YES;
				GCC_WARN_UNUSED_VARIABLE = YES;
				IPHONEOS_DEPLOYMENT_TARGET = 17.0;
				LOCALIZATION_PREFERS_STRING_CATALOGS = YES;
				MTL_ENABLE_DEBUG_INFO = INCLUDE_SOURCE;
				MTL_FAST_MATH = YES;
				ONLY_ACTIVE_ARCH = YES;
				SDKROOT = iphoneos;
				SWIFT_ACTIVE_COMPILATION_CONDITIONS = "DEBUG $(inherited)";
				SWIFT_OPTIMIZATION_LEVEL = "-Onone";
			};
			name = Debug;
		};
		788902B82B019D7000767847 /* Release */ = {
			isa = XCBuildConfiguration;
			buildSettings = {
				ALWAYS_SEARCH_USER_PATHS = NO;
				ASSETCATALOG_COMPILER_GENERATE_SWIFT_ASSET_SYMBOL_EXTENSIONS = YES;
				CLANG_ANALYZER_NONNULL = YES;
				CLANG_ANALYZER_NUMBER_OBJECT_CONVERSION = YES_AGGRESSIVE;
				CLANG_CXX_LANGUAGE_STANDARD = "gnu++20";
				CLANG_ENABLE_MODULES = YES;
				CLANG_ENABLE_OBJC_ARC = YES;
				CLANG_ENABLE_OBJC_WEAK = YES;
				CLANG_WARN_BLOCK_CAPTURE_AUTORELEASING = YES;
				CLANG_WARN_BOOL_CONVERSION = YES;
				CLANG_WARN_COMMA = YES;
				CLANG_WARN_CONSTANT_CONVERSION = YES;
				CLANG_WARN_DEPRECATED_OBJC_IMPLEMENTATIONS = YES;
				CLANG_WARN_DIRECT_OBJC_ISA_USAGE = YES_ERROR;
				CLANG_WARN_DOCUMENTATION_COMMENTS = YES;
				CLANG_WARN_EMPTY_BODY = YES;
				CLANG_WARN_ENUM_CONVERSION = YES;
				CLANG_WARN_INFINITE_RECURSION = YES;
				CLANG_WARN_INT_CONVERSION = YES;
				CLANG_WARN_NON_LITERAL_NULL_CONVERSION = YES;
				CLANG_WARN_OBJC_IMPLICIT_RETAIN_SELF = YES;
				CLANG_WARN_OBJC_LITERAL_CONVERSION = YES;
				CLANG_WARN_OBJC_ROOT_CLASS = YES_ERROR;
				CLANG_WARN_QUOTED_INCLUDE_IN_FRAMEWORK_HEADER = YES;
				CLANG_WARN_RANGE_LOOP_ANALYSIS = YES;
				CLANG_WARN_STRICT_PROTOTYPES = YES;
				CLANG_WARN_SUSPICIOUS_MOVE = YES;
				CLANG_WARN_UNGUARDED_AVAILABILITY = YES_AGGRESSIVE;
				CLANG_WARN_UNREACHABLE_CODE = YES;
				CLANG_WARN__DUPLICATE_METHOD_MATCH = YES;
				COPY_PHASE_STRIP = NO;
				DEBUG_INFORMATION_FORMAT = "dwarf-with-dsym";
				ENABLE_NS_ASSERTIONS = NO;
				ENABLE_STRICT_OBJC_MSGSEND = YES;
				ENABLE_USER_SCRIPT_SANDBOXING = YES;
				GCC_C_LANGUAGE_STANDARD = gnu17;
				GCC_NO_COMMON_BLOCKS = YES;
				GCC_WARN_64_TO_32_BIT_CONVERSION = YES;
				GCC_WARN_ABOUT_RETURN_TYPE = YES_ERROR;
				GCC_WARN_UNDECLARED_SELECTOR = YES;
				GCC_WARN_UNINITIALIZED_AUTOS = YES_AGGRESSIVE;
				GCC_WARN_UNUSED_FUNCTION = YES;
				GCC_WARN_UNUSED_VARIABLE = YES;
				IPHONEOS_DEPLOYMENT_TARGET = 17.0;
				LOCALIZATION_PREFERS_STRING_CATALOGS = YES;
				MTL_ENABLE_DEBUG_INFO = NO;
				MTL_FAST_MATH = YES;
				SDKROOT = iphoneos;
				SWIFT_COMPILATION_MODE = wholemodule;
				VALIDATE_PRODUCT = YES;
			};
			name = Release;
		};
		788902BA2B019D7000767847 /* Debug */ = {
			isa = XCBuildConfiguration;
			buildSettings = {
				ASSETCATALOG_COMPILER_APPICON_NAME = AppIcon;
				ASSETCATALOG_COMPILER_GLOBAL_ACCENT_COLOR_NAME = AccentColor;
				CODE_SIGN_STYLE = Automatic;
				CURRENT_PROJECT_VERSION = 1;
				DEVELOPMENT_ASSET_PATHS = "\"RickAndMortyApp/Preview Content\"";
				DEVELOPMENT_TEAM = 85Z4E9D6W3;
				ENABLE_PREVIEWS = YES;
				GENERATE_INFOPLIST_FILE = YES;
				INFOPLIST_KEY_UIApplicationSceneManifest_Generation = YES;
				INFOPLIST_KEY_UIApplicationSupportsIndirectInputEvents = YES;
				INFOPLIST_KEY_UILaunchScreen_Generation = YES;
				INFOPLIST_KEY_UISupportedInterfaceOrientations_iPad = "UIInterfaceOrientationPortrait UIInterfaceOrientationPortraitUpsideDown UIInterfaceOrientationLandscapeLeft UIInterfaceOrientationLandscapeRight";
				INFOPLIST_KEY_UISupportedInterfaceOrientations_iPhone = "UIInterfaceOrientationPortrait UIInterfaceOrientationLandscapeLeft UIInterfaceOrientationLandscapeRight";
				LD_RUNPATH_SEARCH_PATHS = (
					"$(inherited)",
					"@executable_path/Frameworks",
				);
				MARKETING_VERSION = 1.0;
				PRODUCT_BUNDLE_IDENTIFIER = com.Ancajima.Paul.RickAndMortyApp;
				PRODUCT_NAME = "$(TARGET_NAME)";
				SWIFT_EMIT_LOC_STRINGS = YES;
				SWIFT_VERSION = 5.0;
				TARGETED_DEVICE_FAMILY = "1,2";
			};
			name = Debug;
		};
		788902BB2B019D7000767847 /* Release */ = {
			isa = XCBuildConfiguration;
			buildSettings = {
				ASSETCATALOG_COMPILER_APPICON_NAME = AppIcon;
				ASSETCATALOG_COMPILER_GLOBAL_ACCENT_COLOR_NAME = AccentColor;
				CODE_SIGN_STYLE = Automatic;
				CURRENT_PROJECT_VERSION = 1;
				DEVELOPMENT_ASSET_PATHS = "\"RickAndMortyApp/Preview Content\"";
				DEVELOPMENT_TEAM = 85Z4E9D6W3;
				ENABLE_PREVIEWS = YES;
				GENERATE_INFOPLIST_FILE = YES;
				INFOPLIST_KEY_UIApplicationSceneManifest_Generation = YES;
				INFOPLIST_KEY_UIApplicationSupportsIndirectInputEvents = YES;
				INFOPLIST_KEY_UILaunchScreen_Generation = YES;
				INFOPLIST_KEY_UISupportedInterfaceOrientations_iPad = "UIInterfaceOrientationPortrait UIInterfaceOrientationPortraitUpsideDown UIInterfaceOrientationLandscapeLeft UIInterfaceOrientationLandscapeRight";
				INFOPLIST_KEY_UISupportedInterfaceOrientations_iPhone = "UIInterfaceOrientationPortrait UIInterfaceOrientationLandscapeLeft UIInterfaceOrientationLandscapeRight";
				LD_RUNPATH_SEARCH_PATHS = (
					"$(inherited)",
					"@executable_path/Frameworks",
				);
				MARKETING_VERSION = 1.0;
				PRODUCT_BUNDLE_IDENTIFIER = com.Ancajima.Paul.RickAndMortyApp;
				PRODUCT_NAME = "$(TARGET_NAME)";
				SWIFT_EMIT_LOC_STRINGS = YES;
				SWIFT_VERSION = 5.0;
				TARGETED_DEVICE_FAMILY = "1,2";
			};
			name = Release;
		};
		788902BD2B019D7000767847 /* Debug */ = {
			isa = XCBuildConfiguration;
			buildSettings = {
				ALWAYS_EMBED_SWIFT_STANDARD_LIBRARIES = YES;
				BUNDLE_LOADER = "$(TEST_HOST)";
				CODE_SIGN_STYLE = Automatic;
				CURRENT_PROJECT_VERSION = 1;
				DEVELOPMENT_TEAM = 85Z4E9D6W3;
				GENERATE_INFOPLIST_FILE = YES;
				IPHONEOS_DEPLOYMENT_TARGET = 17.0;
				MARKETING_VERSION = 1.0;
				PRODUCT_BUNDLE_IDENTIFIER = com.Ancajima.Paul.RickAndMortyAppTests;
				PRODUCT_NAME = "$(TARGET_NAME)";
				SWIFT_EMIT_LOC_STRINGS = NO;
				SWIFT_VERSION = 5.0;
				TARGETED_DEVICE_FAMILY = "1,2";
				TEST_HOST = "$(BUILT_PRODUCTS_DIR)/RickAndMortyApp.app/$(BUNDLE_EXECUTABLE_FOLDER_PATH)/RickAndMortyApp";
			};
			name = Debug;
		};
		788902BE2B019D7000767847 /* Release */ = {
			isa = XCBuildConfiguration;
			buildSettings = {
				ALWAYS_EMBED_SWIFT_STANDARD_LIBRARIES = YES;
				BUNDLE_LOADER = "$(TEST_HOST)";
				CODE_SIGN_STYLE = Automatic;
				CURRENT_PROJECT_VERSION = 1;
				DEVELOPMENT_TEAM = 85Z4E9D6W3;
				GENERATE_INFOPLIST_FILE = YES;
				IPHONEOS_DEPLOYMENT_TARGET = 17.0;
				MARKETING_VERSION = 1.0;
				PRODUCT_BUNDLE_IDENTIFIER = com.Ancajima.Paul.RickAndMortyAppTests;
				PRODUCT_NAME = "$(TARGET_NAME)";
				SWIFT_EMIT_LOC_STRINGS = NO;
				SWIFT_VERSION = 5.0;
				TARGETED_DEVICE_FAMILY = "1,2";
				TEST_HOST = "$(BUILT_PRODUCTS_DIR)/RickAndMortyApp.app/$(BUNDLE_EXECUTABLE_FOLDER_PATH)/RickAndMortyApp";
			};
			name = Release;
		};
		788902C02B019D7000767847 /* Debug */ = {
			isa = XCBuildConfiguration;
			buildSettings = {
				ALWAYS_EMBED_SWIFT_STANDARD_LIBRARIES = YES;
				CODE_SIGN_STYLE = Automatic;
				CURRENT_PROJECT_VERSION = 1;
				DEVELOPMENT_TEAM = 85Z4E9D6W3;
				GENERATE_INFOPLIST_FILE = YES;
				MARKETING_VERSION = 1.0;
				PRODUCT_BUNDLE_IDENTIFIER = com.Ancajima.Paul.RickAndMortyAppUITests;
				PRODUCT_NAME = "$(TARGET_NAME)";
				SWIFT_EMIT_LOC_STRINGS = NO;
				SWIFT_VERSION = 5.0;
				TARGETED_DEVICE_FAMILY = "1,2";
				TEST_TARGET_NAME = RickAndMortyApp;
			};
			name = Debug;
		};
		788902C12B019D7000767847 /* Release */ = {
			isa = XCBuildConfiguration;
			buildSettings = {
				ALWAYS_EMBED_SWIFT_STANDARD_LIBRARIES = YES;
				CODE_SIGN_STYLE = Automatic;
				CURRENT_PROJECT_VERSION = 1;
				DEVELOPMENT_TEAM = 85Z4E9D6W3;
				GENERATE_INFOPLIST_FILE = YES;
				MARKETING_VERSION = 1.0;
				PRODUCT_BUNDLE_IDENTIFIER = com.Ancajima.Paul.RickAndMortyAppUITests;
				PRODUCT_NAME = "$(TARGET_NAME)";
				SWIFT_EMIT_LOC_STRINGS = NO;
				SWIFT_VERSION = 5.0;
				TARGETED_DEVICE_FAMILY = "1,2";
				TEST_TARGET_NAME = RickAndMortyApp;
			};
			name = Release;
		};
/* End XCBuildConfiguration section */

/* Begin XCConfigurationList section */
		7889028E2B019D6D00767847 /* Build configuration list for PBXProject "RickAndMortyApp" */ = {
			isa = XCConfigurationList;
			buildConfigurations = (
				788902B72B019D7000767847 /* Debug */,
				788902B82B019D7000767847 /* Release */,
			);
			defaultConfigurationIsVisible = 0;
			defaultConfigurationName = Release;
		};
		788902B92B019D7000767847 /* Build configuration list for PBXNativeTarget "RickAndMortyApp" */ = {
			isa = XCConfigurationList;
			buildConfigurations = (
				788902BA2B019D7000767847 /* Debug */,
				788902BB2B019D7000767847 /* Release */,
			);
			defaultConfigurationIsVisible = 0;
			defaultConfigurationName = Release;
		};
		788902BC2B019D7000767847 /* Build configuration list for PBXNativeTarget "RickAndMortyAppTests" */ = {
			isa = XCConfigurationList;
			buildConfigurations = (
				788902BD2B019D7000767847 /* Debug */,
				788902BE2B019D7000767847 /* Release */,
			);
			defaultConfigurationIsVisible = 0;
			defaultConfigurationName = Release;
		};
		788902BF2B019D7000767847 /* Build configuration list for PBXNativeTarget "RickAndMortyAppUITests" */ = {
			isa = XCConfigurationList;
			buildConfigurations = (
				788902C02B019D7000767847 /* Debug */,
				788902C12B019D7000767847 /* Release */,
			);
			defaultConfigurationIsVisible = 0;
			defaultConfigurationName = Release;
		};
/* End XCConfigurationList section */
	};
	rootObject = 7889028B2B019D6D00767847 /* Project object */;
}
